{
  "name": "sequence-async",
  "version": "1.0.1",
  "lockfileVersion": 2,
  "requires": true,
  "packages": {
    "": {
      "name": "sequence-async",
      "version": "1.0.1",
      "license": "ISC",
      "devDependencies": {
        "rollup": "^2.66.1",
        "sequence-async": "^1.0.1"
      }
    },
    "node_modules/fsevents": {
      "version": "2.3.2",
      "resolved": "https://registry.npmmirror.com/fsevents/download/fsevents-2.3.2.tgz",
      "integrity": "sha1-ilJveLj99GI7cJ4Ll1xSwkwC/Ro=",
      "dev": true,
      "hasInstallScript": true,
      "optional": true,
      "os": [
        "darwin"
      ],
      "engines": {
        "node": "^8.16.0 || ^10.6.0 || >=11.0.0"
      }
    },
    "node_modules/rollup": {
      "version": "2.66.1",
      "resolved": "https://registry.npmmirror.com/rollup/download/rollup-2.66.1.tgz",
      "integrity": "sha512-crSgLhSkLMnKr4s9iZ/1qJCplgAgrRY+igWv8KhG/AjKOJ0YX/WpmANyn8oxrw+zenF3BXWDLa7Xl/QZISH+7w==",
      "dev": true,
      "bin": {
        "rollup": "dist/bin/rollup"
      },
      "engines": {
        "node": ">=10.0.0"
      },
      "optionalDependencies": {
        "fsevents": "~2.3.2"
      }
    },
    "node_modules/sequence-async": {
      "version": "1.0.1",
      "resolved": "https://registry.npmjs.org/sequence-async/-/sequence-async-1.0.1.tgz",
      "integrity": "sha512-cn9H6xeEzCKa6wWRukpbj8mJh8yNNQJ+h8jR8JlExKmcPsCxJguKxIm5jUDkJlPthQzKxXyi6JNwGE6DccUaFA==",
      "dev": true
    }
  },
  "dependencies": {
    "fsevents": {
      "version": "2.3.2",
      "resolved": "https://registry.npmmirror.com/fsevents/download/fsevents-2.3.2.tgz",
      "integrity": "sha1-ilJveLj99GI7cJ4Ll1xSwkwC/Ro=",
      "dev": true,
      "optional": true
    },
    "rollup": {
      "version": "2.66.1",
      "resolved": "https://registry.npmmirror.com/rollup/download/rollup-2.66.1.tgz",
      "integrity": "sha512-crSgLhSkLMnKr4s9iZ/1qJCplgAgrRY+igWv8KhG/AjKOJ0YX/WpmANyn8oxrw+zenF3BXWDLa7Xl/QZISH+7w==",
      "dev": true,
      "requires": {
        "fsevents": "~2.3.2"
      }
    },
    "sequence-async": {
      "version": "1.0.1",
      "resolved": "https://registry.npmjs.org/sequence-async/-/sequence-async-1.0.1.tgz",
      "integrity": "sha512-cn9H6xeEzCKa6wWRukpbj8mJh8yNNQJ+h8jR8JlExKmcPsCxJguKxIm5jUDkJlPthQzKxXyi6JNwGE6DccUaFA==",
      "dev": true
    }
  }
}
